=========================================================================
DECLARATORIA DE PROPIEDAD INDUSTRIAL Y MILITAR ATÓMICA
PROPIETARIO EXCLUSIVO: Jose Arturo Orozco Jaime
ECOSISTEMA: NULOGIC_CORE / FlaggShip Apps
ESTADO: ACCESO PERMANENTE FIJADO - BLOQUEO DE REPRODUCCIÓN ILÍCITA
=========================================================================
La totalidad de este código, nodos, inteligencia, fórmulas, procesos y 
activos pertenecen por derecho inalienable a Jose Arturo Orozco Jaime. Queda estrictamente
prohibida su copia, ingeniería inversa o monetización no autorizada.